%{"erlagi": {:git, "https://github.com/smpallen99/erlagi.git", "59ff096dfdb2acaf8a713bf6bdeaa3021d267b3f", []},
  "ex_ami": {:hex, :ex_ami, "0.1.0", "7c59d3c8fbb2ba94bab81abc9cd687a69ef15d92b3284c088dc452e54561851c", [:mix], []},
  "gen_fsm": {:git, "https://github.com/smpallen99/gen_fsm.git", "5497076f77b91789ae474ebc8a02d638b2209566", []},
  "goldrush": {:git, "git://github.com/DeadZen/goldrush.git", "212299233c7e7eb63a97be2777e1c05ebaa58dbe", [tag: "0.1.8"]},
  "lager": {:git, "git://github.com/basho/lager.git", "8187757388c9adc915379caaab36a2f2ca26e944", [ref: "master"]}}
